
Microsoft Visual Studio Solution File, Format Version 12.00
Project("{2150E333-8FDC-42A3-9474-1A3956D46DE8}") = "Documentation", "Documentation", "{AC323794-5123-4263-B5DC-1A316206391E}"
	ProjectSection(SolutionItems) = preProject
		Assignment_1_Domain_Model.png = Assignment_1_Domain_Model.png
		Concrete_Domain_Model.drawio.png = Concrete_Domain_Model.drawio.png
		GroupMembers.md = GroupMembers.md
	EndProjectSection
EndProject
Project("{2150E333-8FDC-42A3-9474-1A3956D46DE8}") = "src", "src", "{66CACA6D-6CFB-4AE6-A596-EB0245C07B1E}"
EndProject
Project("{2150E333-8FDC-42A3-9474-1A3956D46DE8}") = "Core", "Core", "{83524940-5FF0-4C14-98BB-C43FAC4A925C}"
EndProject
Project("{2150E333-8FDC-42A3-9474-1A3956D46DE8}") = "Tools", "Tools", "{4552E196-F453-4B49-80D9-419246608012}"
EndProject
Project("{FAE04EC0-301F-11D3-BF4B-00C04F79EFBC}") = "DCA_Padel_Club.Core.Tools.OperationResult", "DCA_Padel_Club.Core.Tools.OperationResult\DCA_Padel_Club.Core.Tools.OperationResult.csproj", "{C8D5D06A-0F8D-488C-A6B9-B7850A80DA19}"
EndProject
Project("{2150E333-8FDC-42A3-9474-1A3956D46DE8}") = "Tests", "Tests", "{651A393F-9157-49EF-B534-92105D51207D}"
EndProject
Project("{FAE04EC0-301F-11D3-BF4B-00C04F79EFBC}") = "UnitTests", "UnitTests\UnitTests.csproj", "{1283EBC0-B62A-493A-AC47-137D305FBF46}"
EndProject
Project("{FAE04EC0-301F-11D3-BF4B-00C04F79EFBC}") = "DCA_Padel_Club.Core.Domain", "DCA_Padel_Club.Core.Domain\DCA_Padel_Club.Core.Domain.csproj", "{C655B56C-B268-4B0A-A861-996BCE21859C}"
EndProject
Project("{FAE04EC0-301F-11D3-BF4B-00C04F79EFBC}") = "DCA_Padel_Club.Core.Application", "DCA_Padel_Club.Core.Application\DCA_Padel_Club.Core.Application.csproj", "{4BB08AD9-6E8D-413D-A68F-A2078F236E56}"
EndProject
Project("{2150E333-8FDC-42A3-9474-1A3956D46DE8}") = "Infrastructure", "Infrastructure", "{D3B970E4-8AC9-4173-905A-F7A3D458D384}"
EndProject
Project("{FAE04EC0-301F-11D3-BF4B-00C04F79EFBC}") = "DCA_Padel_Club.Infrastructure.EfcDomainModelPersistence", "src\Infrastructure\DCA_Padel_Club.Infrastructure.EfcDomainModelPersistence\DCA_Padel_Club.Infrastructure.EfcDomainModelPersistence.csproj", "{94885FD8-9C0E-4481-934B-0AB5F377C764}"
EndProject
Project("{FAE04EC0-301F-11D3-BF4B-00C04F79EFBC}") = "IntegrationTests", "IntegrationTests\IntegrationTests.csproj", "{0A942625-5F06-4446-9834-FEB2DDFAA855}"
EndProject
Global
	GlobalSection(SolutionConfigurationPlatforms) = preSolution
		Debug|Any CPU = Debug|Any CPU
		Release|Any CPU = Release|Any CPU
	EndGlobalSection
	GlobalSection(NestedProjects) = preSolution
		{83524940-5FF0-4C14-98BB-C43FAC4A925C} = {66CACA6D-6CFB-4AE6-A596-EB0245C07B1E}
		{4552E196-F453-4B49-80D9-419246608012} = {83524940-5FF0-4C14-98BB-C43FAC4A925C}
		{C8D5D06A-0F8D-488C-A6B9-B7850A80DA19} = {4552E196-F453-4B49-80D9-419246608012}
		{1283EBC0-B62A-493A-AC47-137D305FBF46} = {651A393F-9157-49EF-B534-92105D51207D}
		{C655B56C-B268-4B0A-A861-996BCE21859C} = {83524940-5FF0-4C14-98BB-C43FAC4A925C}
		{4BB08AD9-6E8D-413D-A68F-A2078F236E56} = {83524940-5FF0-4C14-98BB-C43FAC4A925C}
		{D3B970E4-8AC9-4173-905A-F7A3D458D384} = {66CACA6D-6CFB-4AE6-A596-EB0245C07B1E}
		{94885FD8-9C0E-4481-934B-0AB5F377C764} = {D3B970E4-8AC9-4173-905A-F7A3D458D384}
		{0A942625-5F06-4446-9834-FEB2DDFAA855} = {651A393F-9157-49EF-B534-92105D51207D}
	EndGlobalSection
	GlobalSection(ProjectConfigurationPlatforms) = postSolution
		{C8D5D06A-0F8D-488C-A6B9-B7850A80DA19}.Debug|Any CPU.ActiveCfg = Debug|Any CPU
		{C8D5D06A-0F8D-488C-A6B9-B7850A80DA19}.Debug|Any CPU.Build.0 = Debug|Any CPU
		{C8D5D06A-0F8D-488C-A6B9-B7850A80DA19}.Release|Any CPU.ActiveCfg = Release|Any CPU
		{C8D5D06A-0F8D-488C-A6B9-B7850A80DA19}.Release|Any CPU.Build.0 = Release|Any CPU
		{1283EBC0-B62A-493A-AC47-137D305FBF46}.Debug|Any CPU.ActiveCfg = Debug|Any CPU
		{1283EBC0-B62A-493A-AC47-137D305FBF46}.Debug|Any CPU.Build.0 = Debug|Any CPU
		{1283EBC0-B62A-493A-AC47-137D305FBF46}.Release|Any CPU.ActiveCfg = Release|Any CPU
		{1283EBC0-B62A-493A-AC47-137D305FBF46}.Release|Any CPU.Build.0 = Release|Any CPU
		{C655B56C-B268-4B0A-A861-996BCE21859C}.Debug|Any CPU.ActiveCfg = Debug|Any CPU
		{C655B56C-B268-4B0A-A861-996BCE21859C}.Debug|Any CPU.Build.0 = Debug|Any CPU
		{C655B56C-B268-4B0A-A861-996BCE21859C}.Release|Any CPU.ActiveCfg = Release|Any CPU
		{C655B56C-B268-4B0A-A861-996BCE21859C}.Release|Any CPU.Build.0 = Release|Any CPU
		{4BB08AD9-6E8D-413D-A68F-A2078F236E56}.Debug|Any CPU.ActiveCfg = Debug|Any CPU
		{4BB08AD9-6E8D-413D-A68F-A2078F236E56}.Debug|Any CPU.Build.0 = Debug|Any CPU
		{4BB08AD9-6E8D-413D-A68F-A2078F236E56}.Release|Any CPU.ActiveCfg = Release|Any CPU
		{4BB08AD9-6E8D-413D-A68F-A2078F236E56}.Release|Any CPU.Build.0 = Release|Any CPU
		{94885FD8-9C0E-4481-934B-0AB5F377C764}.Debug|Any CPU.ActiveCfg = Debug|Any CPU
		{94885FD8-9C0E-4481-934B-0AB5F377C764}.Debug|Any CPU.Build.0 = Debug|Any CPU
		{94885FD8-9C0E-4481-934B-0AB5F377C764}.Release|Any CPU.ActiveCfg = Release|Any CPU
		{94885FD8-9C0E-4481-934B-0AB5F377C764}.Release|Any CPU.Build.0 = Release|Any CPU
		{0A942625-5F06-4446-9834-FEB2DDFAA855}.Debug|Any CPU.ActiveCfg = Debug|Any CPU
		{0A942625-5F06-4446-9834-FEB2DDFAA855}.Debug|Any CPU.Build.0 = Debug|Any CPU
		{0A942625-5F06-4446-9834-FEB2DDFAA855}.Release|Any CPU.ActiveCfg = Release|Any CPU
		{0A942625-5F06-4446-9834-FEB2DDFAA855}.Release|Any CPU.Build.0 = Release|Any CPU
	EndGlobalSection
EndGlobal
