
Microsoft Visual Studio Solution File, Format Version 12.00
Project("{2150E333-8FDC-42A3-9474-1A3956D46DE8}") = "Documentation", "Documentation", "{AC323794-5123-4263-B5DC-1A316206391E}"
EndProject
Project("{FAE04EC0-301F-11D3-BF4B-00C04F79EFBC}") = "Assignment_1", "Assignment_1\Assignment_1.csproj", "{DD22FC46-68D8-4C19-840E-B18C613C631E}"
EndProject
Global
	GlobalSection(SolutionConfigurationPlatforms) = preSolution
		Debug|Any CPU = Debug|Any CPU
		Release|Any CPU = Release|Any CPU
	EndGlobalSection
	GlobalSection(NestedProjects) = preSolution
	EndGlobalSection
	GlobalSection(ProjectConfigurationPlatforms) = postSolution
		{DD22FC46-68D8-4C19-840E-B18C613C631E}.Debug|Any CPU.ActiveCfg = Debug|Any CPU
		{DD22FC46-68D8-4C19-840E-B18C613C631E}.Debug|Any CPU.Build.0 = Debug|Any CPU
		{DD22FC46-68D8-4C19-840E-B18C613C631E}.Release|Any CPU.ActiveCfg = Release|Any CPU
		{DD22FC46-68D8-4C19-840E-B18C613C631E}.Release|Any CPU.Build.0 = Release|Any CPU
	EndGlobalSection
EndGlobal
